
Microsoft Visual Studio Solution File, Format Version 12.00
# Visual Studio Version 17
VisualStudioVersion = 17.9.34723.18
MinimumVisualStudioVersion = 10.0.40219.1
Project("{FAE04EC0-301F-11D3-BF4B-00C04F79EFBC}") = "ARRAY", "ARRAY.csproj", "{8ED4A9A3-0582-4567-969C-28CB0ACC349C}"
EndProject
Global
	GlobalSection(SolutionConfigurationPlatforms) = preSolution
		Debug|Any CPU = Debug|Any CPU
		Release|Any CPU = Release|Any CPU
	EndGlobalSection
	GlobalSection(ProjectConfigurationPlatforms) = postSolution
		{8ED4A9A3-0582-4567-969C-28CB0ACC349C}.Debug|Any CPU.ActiveCfg = Debug|Any CPU
		{8ED4A9A3-0582-4567-969C-28CB0ACC349C}.Debug|Any CPU.Build.0 = Debug|Any CPU
		{8ED4A9A3-0582-4567-969C-28CB0ACC349C}.Release|Any CPU.ActiveCfg = Release|Any CPU
		{8ED4A9A3-0582-4567-969C-28CB0ACC349C}.Release|Any CPU.Build.0 = Release|Any CPU
	EndGlobalSection
	GlobalSection(SolutionProperties) = preSolution
		HideSolutionNode = FALSE
	EndGlobalSection
	GlobalSection(ExtensibilityGlobals) = postSolution
		SolutionGuid = {4CA10BEE-7066-4179-A872-A1B0E9FAA43B}
	EndGlobalSection
EndGlobal
